<?xml version="1.0" encoding="utf-8"?>
<Project ToolsVersion="4.0" xmlns="http://schemas.microsoft.com/developer/msbuild/2003">
  <ItemGroup>
    <Filter Include="Video">
      <UniqueIdentifier>{9a44eac2-524f-431a-8d0e-284d183245ce}</UniqueIdentifier>
    </Filter>
  </ItemGroup>
  <ItemGroup>
    <ClCompile Include="pch.cpp" />
    <ClCompile Include="ARDroneTcpClient.cpp" />
    <ClCompile Include="VideoEncapsulation.h">
      <Filter>Video</Filter>
    </ClCompile>
    <ClCompile Include="ARBuffer.cpp" />
    <ClCompile Include="ARStream.cpp" />
    <ClCompile Include="NativeBuffer.cpp" />
  </ItemGroup>
  <ItemGroup>
    <ClInclude Include="pch.h" />
    <ClInclude Include="targetver.h" />
    <ClInclude Include="ARDroneTcpClient.h" />
    <ClInclude Include="VideoPacket.h">
      <Filter>Video</Filter>
    </ClInclude>
    <ClInclude Include="FrameType.h">
      <Filter>Video</Filter>
    </ClInclude>
    <ClInclude Include="VideoEncapsulationFrameType.h">
      <Filter>Video</Filter>
    </ClInclude>
    <ClInclude Include="ARBuffer.h" />
    <ClInclude Include="ARStream.h" />
    <ClInclude Include="NativeBuffer.h" />
  </ItemGroup>
</Project>