<?xml version="1.0" encoding="utf-8"?>
<Project ToolsVersion="4.0" xmlns="http://schemas.microsoft.com/developer/msbuild/2003">
  <ItemGroup>
    <ClCompile Include="pch.cpp" />
    <ClCompile Include="dllmain.cpp" />
    <ClCompile Include="ARDroneMediaSource.cpp" />
    <ClCompile Include="ARDroneSchemeHandler.cpp" />
    <ClCompile Include="ARDroneMediaStream.cpp" />
  </ItemGroup>
  <ItemGroup>
    <ClInclude Include="stdafx.h" />
    <ClInclude Include="ARDroneMediaSource.h" />
    <ClInclude Include="AsyncCB.h">
      <Filter>Common</Filter>
    </ClInclude>
    <ClInclude Include="CritSec.h">
      <Filter>Common</Filter>
    </ClInclude>
    <ClInclude Include="OpQueue.h">
      <Filter>Common</Filter>
    </ClInclude>
    <ClInclude Include="LinkList.h">
      <Filter>Common</Filter>
    </ClInclude>
    <ClInclude Include="ARDroneSchemeHandler.h" />
    <ClInclude Include="ARDroneMediaStream.h" />
  </ItemGroup>
  <ItemGroup>
    <Midl Include="ARDrone2Video.idl" />
  </ItemGroup>
  <ItemGroup>
    <None Include="MFARDrone2Video.def" />
  </ItemGroup>
  <ItemGroup>
    <Filter Include="Common">
      <UniqueIdentifier>{da7afdd1-7607-4936-84b6-baa29f15b0a5}</UniqueIdentifier>
    </Filter>
  </ItemGroup>
</Project>